
Microsoft Visual Studio Solution File, Format Version 12.00
# Visual Studio Version 16
VisualStudioVersion = 16.0.30503.244
MinimumVisualStudioVersion = 10.0.40219.1
Project("{FAE04EC0-301F-11D3-BF4B-00C04F79EFBC}") = "Algorithm RSA", "Algorithm RSA\Algorithm RSA.csproj", "{56220243-EEA3-4131-AFEF-4B5E57277921}"
EndProject
Global
	GlobalSection(SolutionConfigurationPlatforms) = preSolution
		Debug|Any CPU = Debug|Any CPU
		Release|Any CPU = Release|Any CPU
	EndGlobalSection
	GlobalSection(ProjectConfigurationPlatforms) = postSolution
		{56220243-EEA3-4131-AFEF-4B5E57277921}.Debug|Any CPU.ActiveCfg = Debug|Any CPU
		{56220243-EEA3-4131-AFEF-4B5E57277921}.Debug|Any CPU.Build.0 = Debug|Any CPU
		{56220243-EEA3-4131-AFEF-4B5E57277921}.Release|Any CPU.ActiveCfg = Release|Any CPU
		{56220243-EEA3-4131-AFEF-4B5E57277921}.Release|Any CPU.Build.0 = Release|Any CPU
	EndGlobalSection
	GlobalSection(SolutionProperties) = preSolution
		HideSolutionNode = FALSE
	EndGlobalSection
	GlobalSection(ExtensibilityGlobals) = postSolution
		SolutionGuid = {09AF5F5A-F680-4F37-BCB7-2CC7A9817FAB}
	EndGlobalSection
EndGlobal
